// !$*UTF8*$!
{
	archiveVersion = 1;
	classes = {
	};
	objectVersion = 56;
	objects = {

/* Begin PBXBuildFile section */
		4216862E29ED1B46002996A1 /* AppDelegate.swift in Sources */ = {isa = PBXBuildFile; fileRef = 4216862D29ED1B46002996A1 /* AppDelegate.swift */; };
		4216863029ED1B46002996A1 /* SceneDelegate.swift in Sources */ = {isa = PBXBuildFile; fileRef = 4216862F29ED1B46002996A1 /* SceneDelegate.swift */; };
		4216863229ED1B46002996A1 /* HomeViewController.swift in Sources */ = {isa = PBXBuildFile; fileRef = 4216863129ED1B46002996A1 /* HomeViewController.swift */; };
		4216863729ED1B47002996A1 /* Assets.xcassets in Resources */ = {isa = PBXBuildFile; fileRef = 4216863629ED1B47002996A1 /* Assets.xcassets */; };
		4216863A29ED1B47002996A1 /* LaunchScreen.storyboard in Resources */ = {isa = PBXBuildFile; fileRef = 4216863829ED1B47002996A1 /* LaunchScreen.storyboard */; };
		4216864329ED20E6002996A1 /* TabBarVC.swift in Sources */ = {isa = PBXBuildFile; fileRef = 4216864229ED20E6002996A1 /* TabBarVC.swift */; };
		4216864529ED2161002996A1 /* SearchVC.swift in Sources */ = {isa = PBXBuildFile; fileRef = 4216864429ED2161002996A1 /* SearchVC.swift */; };
		4216864729ED21D5002996A1 /* CartVC.swift in Sources */ = {isa = PBXBuildFile; fileRef = 4216864629ED21D5002996A1 /* CartVC.swift */; };
		4216865429ED2AEE002996A1 /* searchButtons.swift in Sources */ = {isa = PBXBuildFile; fileRef = 4216865329ED2AEE002996A1 /* searchButtons.swift */; };
		4216865629F720BB002996A1 /* ProductsVC.swift in Sources */ = {isa = PBXBuildFile; fileRef = 4216865529F720BB002996A1 /* ProductsVC.swift */; };
		425930352A05B18D00BC3D44 /* CartManager.swift in Sources */ = {isa = PBXBuildFile; fileRef = 425930342A05B18D00BC3D44 /* CartManager.swift */; };
		42B7DA782A335149005C7C91 /* extensions.swift in Sources */ = {isa = PBXBuildFile; fileRef = 42B7DA772A335149005C7C91 /* extensions.swift */; };
		42B7DA7A2A33529D005C7C91 /* CartCell.swift in Sources */ = {isa = PBXBuildFile; fileRef = 42B7DA792A33529D005C7C91 /* CartCell.swift */; };
		42B7DA7E2A37CD07005C7C91 /* KleidungVC.swift in Sources */ = {isa = PBXBuildFile; fileRef = 42B7DA7D2A37CD07005C7C91 /* KleidungVC.swift */; };
		42C3AAEE29FBAF3D00D02A24 /* MenuCollectionViewCell.swift in Sources */ = {isa = PBXBuildFile; fileRef = 42C3AAED29FBAF3D00D02A24 /* MenuCollectionViewCell.swift */; };
		42C3AAF029FBCF1D00D02A24 /* Item.swift in Sources */ = {isa = PBXBuildFile; fileRef = 42C3AAEF29FBCF1D00D02A24 /* Item.swift */; };
		42C3AAF229FC4CF800D02A24 /* TovarVC.swift in Sources */ = {isa = PBXBuildFile; fileRef = 42C3AAF129FC4CF800D02A24 /* TovarVC.swift */; };
/* End PBXBuildFile section */

/* Begin PBXFileReference section */
		4216862A29ED1B46002996A1 /* klaudinq.app */ = {isa = PBXFileReference; explicitFileType = wrapper.application; includeInIndex = 0; path = klaudinq.app; sourceTree = BUILT_PRODUCTS_DIR; };
		4216862D29ED1B46002996A1 /* AppDelegate.swift */ = {isa = PBXFileReference; lastKnownFileType = sourcecode.swift; path = AppDelegate.swift; sourceTree = "<group>"; };
		4216862F29ED1B46002996A1 /* SceneDelegate.swift */ = {isa = PBXFileReference; lastKnownFileType = sourcecode.swift; path = SceneDelegate.swift; sourceTree = "<group>"; };
		4216863129ED1B46002996A1 /* HomeViewController.swift */ = {isa = PBXFileReference; lastKnownFileType = sourcecode.swift; path = HomeViewController.swift; sourceTree = "<group>"; };
		4216863629ED1B47002996A1 /* Assets.xcassets */ = {isa = PBXFileReference; lastKnownFileType = folder.assetcatalog; path = Assets.xcassets; sourceTree = "<group>"; };
		4216863929ED1B47002996A1 /* Base */ = {isa = PBXFileReference; lastKnownFileType = file.storyboard; name = Base; path = Base.lproj/LaunchScreen.storyboard; sourceTree = "<group>"; };
		4216863B29ED1B47002996A1 /* Info.plist */ = {isa = PBXFileReference; lastKnownFileType = text.plist.xml; path = Info.plist; sourceTree = "<group>"; };
		4216864229ED20E6002996A1 /* TabBarVC.swift */ = {isa = PBXFileReference; lastKnownFileType = sourcecode.swift; path = TabBarVC.swift; sourceTree = "<group>"; };
		4216864429ED2161002996A1 /* SearchVC.swift */ = {isa = PBXFileReference; lastKnownFileType = sourcecode.swift; path = SearchVC.swift; sourceTree = "<group>"; };
		4216864629ED21D5002996A1 /* CartVC.swift */ = {isa = PBXFileReference; lastKnownFileType = sourcecode.swift; path = CartVC.swift; sourceTree = "<group>"; };
		4216865329ED2AEE002996A1 /* searchButtons.swift */ = {isa = PBXFileReference; lastKnownFileType = sourcecode.swift; path = searchButtons.swift; sourceTree = "<group>"; };
		4216865529F720BB002996A1 /* ProductsVC.swift */ = {isa = PBXFileReference; lastKnownFileType = sourcecode.swift; path = ProductsVC.swift; sourceTree = "<group>"; };
		425930342A05B18D00BC3D44 /* CartManager.swift */ = {isa = PBXFileReference; lastKnownFileType = sourcecode.swift; path = CartManager.swift; sourceTree = "<group>"; };
		42B7DA772A335149005C7C91 /* extensions.swift */ = {isa = PBXFileReference; lastKnownFileType = sourcecode.swift; path = extensions.swift; sourceTree = "<group>"; };
		42B7DA792A33529D005C7C91 /* CartCell.swift */ = {isa = PBXFileReference; lastKnownFileType = sourcecode.swift; path = CartCell.swift; sourceTree = "<group>"; };
		42B7DA7D2A37CD07005C7C91 /* KleidungVC.swift */ = {isa = PBXFileReference; lastKnownFileType = sourcecode.swift; path = KleidungVC.swift; sourceTree = "<group>"; };
		42C3AAED29FBAF3D00D02A24 /* MenuCollectionViewCell.swift */ = {isa = PBXFileReference; lastKnownFileType = sourcecode.swift; path = MenuCollectionViewCell.swift; sourceTree = "<group>"; };
		42C3AAEF29FBCF1D00D02A24 /* Item.swift */ = {isa = PBXFileReference; lastKnownFileType = sourcecode.swift; path = Item.swift; sourceTree = "<group>"; };
		42C3AAF129FC4CF800D02A24 /* TovarVC.swift */ = {isa = PBXFileReference; lastKnownFileType = sourcecode.swift; path = TovarVC.swift; sourceTree = "<group>"; };
/* End PBXFileReference section */

/* Begin PBXFrameworksBuildPhase section */
		4216862729ED1B46002996A1 /* Frameworks */ = {
			isa = PBXFrameworksBuildPhase;
			buildActionMask = 2147483647;
			files = (
			);
			runOnlyForDeploymentPostprocessing = 0;
		};
/* End PBXFrameworksBuildPhase section */

/* Begin PBXGroup section */
		4216862129ED1B46002996A1 = {
			isa = PBXGroup;
			children = (
				4216862C29ED1B46002996A1 /* klaudinq */,
				4216862B29ED1B46002996A1 /* Products */,
			);
			sourceTree = "<group>";
		};
		4216862B29ED1B46002996A1 /* Products */ = {
			isa = PBXGroup;
			children = (
				4216862A29ED1B46002996A1 /* klaudinq.app */,
			);
			name = Products;
			sourceTree = "<group>";
		};
		4216862C29ED1B46002996A1 /* klaudinq */ = {
			isa = PBXGroup;
			children = (
				421725502AE87DCF00ADD09D /* App */,
				42C3AAEF29FBCF1D00D02A24 /* Item.swift */,
				4216865329ED2AEE002996A1 /* searchButtons.swift */,
				4217254F2AE87DB500ADD09D /* Core */,
				42C3AAF129FC4CF800D02A24 /* TovarVC.swift */,
				425930342A05B18D00BC3D44 /* CartManager.swift */,
				42C3AAED29FBAF3D00D02A24 /* MenuCollectionViewCell.swift */,
				4216865529F720BB002996A1 /* ProductsVC.swift */,
				42B7DA792A33529D005C7C91 /* CartCell.swift */,
				4216863629ED1B47002996A1 /* Assets.xcassets */,
				4216863829ED1B47002996A1 /* LaunchScreen.storyboard */,
				4216863B29ED1B47002996A1 /* Info.plist */,
			);
			path = klaudinq;
			sourceTree = "<group>";
		};
		4217254F2AE87DB500ADD09D /* Core */ = {
			isa = PBXGroup;
			children = (
				4216864229ED20E6002996A1 /* TabBarVC.swift */,
				42B7DA7D2A37CD07005C7C91 /* KleidungVC.swift */,
				4216863129ED1B46002996A1 /* HomeViewController.swift */,
				4216864429ED2161002996A1 /* SearchVC.swift */,
				4216864629ED21D5002996A1 /* CartVC.swift */,
			);
			path = Core;
			sourceTree = "<group>";
		};
		421725502AE87DCF00ADD09D /* App */ = {
			isa = PBXGroup;
			children = (
				4216862D29ED1B46002996A1 /* AppDelegate.swift */,
				4216862F29ED1B46002996A1 /* SceneDelegate.swift */,
				42B7DA772A335149005C7C91 /* extensions.swift */,
			);
			path = App;
			sourceTree = "<group>";
		};
/* End PBXGroup section */

/* Begin PBXNativeTarget section */
		4216862929ED1B46002996A1 /* klaudinq */ = {
			isa = PBXNativeTarget;
			buildConfigurationList = 4216863E29ED1B47002996A1 /* Build configuration list for PBXNativeTarget "klaudinq" */;
			buildPhases = (
				4216862629ED1B46002996A1 /* Sources */,
				4216862729ED1B46002996A1 /* Frameworks */,
				4216862829ED1B46002996A1 /* Resources */,
			);
			buildRules = (
			);
			dependencies = (
			);
			name = klaudinq;
			productName = klaudinq;
			productReference = 4216862A29ED1B46002996A1 /* klaudinq.app */;
			productType = "com.apple.product-type.application";
		};
/* End PBXNativeTarget section */

/* Begin PBXProject section */
		4216862229ED1B46002996A1 /* Project object */ = {
			isa = PBXProject;
			attributes = {
				BuildIndependentTargetsInParallel = 1;
				LastSwiftUpdateCheck = 1430;
				LastUpgradeCheck = 1500;
				TargetAttributes = {
					4216862929ED1B46002996A1 = {
						CreatedOnToolsVersion = 14.3;
					};
				};
			};
			buildConfigurationList = 4216862529ED1B46002996A1 /* Build configuration list for PBXProject "klaudinq" */;
			compatibilityVersion = "Xcode 14.0";
			developmentRegion = en;
			hasScannedForEncodings = 0;
			knownRegions = (
				en,
				Base,
			);
			mainGroup = 4216862129ED1B46002996A1;
			productRefGroup = 4216862B29ED1B46002996A1 /* Products */;
			projectDirPath = "";
			projectRoot = "";
			targets = (
				4216862929ED1B46002996A1 /* klaudinq */,
			);
		};
/* End PBXProject section */

/* Begin PBXResourcesBuildPhase section */
		4216862829ED1B46002996A1 /* Resources */ = {
			isa = PBXResourcesBuildPhase;
			buildActionMask = 2147483647;
			files = (
				4216863A29ED1B47002996A1 /* LaunchScreen.storyboard in Resources */,
				4216863729ED1B47002996A1 /* Assets.xcassets in Resources */,
			);
			runOnlyForDeploymentPostprocessing = 0;
		};
/* End PBXResourcesBuildPhase section */

/* Begin PBXSourcesBuildPhase section */
		4216862629ED1B46002996A1 /* Sources */ = {
			isa = PBXSourcesBuildPhase;
			buildActionMask = 2147483647;
			files = (
				425930352A05B18D00BC3D44 /* CartManager.swift in Sources */,
				42B7DA7A2A33529D005C7C91 /* CartCell.swift in Sources */,
				42C3AAF029FBCF1D00D02A24 /* Item.swift in Sources */,
				42C3AAEE29FBAF3D00D02A24 /* MenuCollectionViewCell.swift in Sources */,
				4216863229ED1B46002996A1 /* HomeViewController.swift in Sources */,
				42C3AAF229FC4CF800D02A24 /* TovarVC.swift in Sources */,
				4216864529ED2161002996A1 /* SearchVC.swift in Sources */,
				4216864729ED21D5002996A1 /* CartVC.swift in Sources */,
				42B7DA782A335149005C7C91 /* extensions.swift in Sources */,
				4216865629F720BB002996A1 /* ProductsVC.swift in Sources */,
				4216862E29ED1B46002996A1 /* AppDelegate.swift in Sources */,
				4216864329ED20E6002996A1 /* TabBarVC.swift in Sources */,
				42B7DA7E2A37CD07005C7C91 /* KleidungVC.swift in Sources */,
				4216865429ED2AEE002996A1 /* searchButtons.swift in Sources */,
				4216863029ED1B46002996A1 /* SceneDelegate.swift in Sources */,
			);
			runOnlyForDeploymentPostprocessing = 0;
		};
/* End PBXSourcesBuildPhase section */

/* Begin PBXVariantGroup section */
		4216863829ED1B47002996A1 /* LaunchScreen.storyboard */ = {
			isa = PBXVariantGroup;
			children = (
				4216863929ED1B47002996A1 /* Base */,
			);
			name = LaunchScreen.storyboard;
			sourceTree = "<group>";
		};
/* End PBXVariantGroup section */

/* Begin XCBuildConfiguration section */
		4216863C29ED1B47002996A1 /* Debug */ = {
			isa = XCBuildConfiguration;
			buildSettings = {
				ALWAYS_SEARCH_USER_PATHS = NO;
				CLANG_ANALYZER_NONNULL = YES;
				CLANG_ANALYZER_NUMBER_OBJECT_CONVERSION = YES_AGGRESSIVE;
				CLANG_CXX_LANGUAGE_STANDARD = "gnu++20";
				CLANG_ENABLE_MODULES = YES;
				CLANG_ENABLE_OBJC_ARC = YES;
				CLANG_ENABLE_OBJC_WEAK = YES;
				CLANG_WARN_BLOCK_CAPTURE_AUTORELEASING = YES;
				CLANG_WARN_BOOL_CONVERSION = YES;
				CLANG_WARN_COMMA = YES;
				CLANG_WARN_CONSTANT_CONVERSION = YES;
				CLANG_WARN_DEPRECATED_OBJC_IMPLEMENTATIONS = YES;
				CLANG_WARN_DIRECT_OBJC_ISA_USAGE = YES_ERROR;
				CLANG_WARN_DOCUMENTATION_COMMENTS = YES;
				CLANG_WARN_EMPTY_BODY = YES;
				CLANG_WARN_ENUM_CONVERSION = YES;
				CLANG_WARN_INFINITE_RECURSION = YES;
				CLANG_WARN_INT_CONVERSION = YES;
				CLANG_WARN_NON_LITERAL_NULL_CONVERSION = YES;
				CLANG_WARN_OBJC_IMPLICIT_RETAIN_SELF = YES;
				CLANG_WARN_OBJC_LITERAL_CONVERSION = YES;
				CLANG_WARN_OBJC_ROOT_CLASS = YES_ERROR;
				CLANG_WARN_QUOTED_INCLUDE_IN_FRAMEWORK_HEADER = YES;
				CLANG_WARN_RANGE_LOOP_ANALYSIS = YES;
				CLANG_WARN_STRICT_PROTOTYPES = YES;
				CLANG_WARN_SUSPICIOUS_MOVE = YES;
				CLANG_WARN_UNGUARDED_AVAILABILITY = YES_AGGRESSIVE;
				CLANG_WARN_UNREACHABLE_CODE = YES;
				CLANG_WARN__DUPLICATE_METHOD_MATCH = YES;
				COPY_PHASE_STRIP = NO;
				DEBUG_INFORMATION_FORMAT = dwarf;
				ENABLE_STRICT_OBJC_MSGSEND = YES;
				ENABLE_TESTABILITY = YES;
				ENABLE_USER_SCRIPT_SANDBOXING = YES;
				GCC_C_LANGUAGE_STANDARD = gnu11;
				GCC_DYNAMIC_NO_PIC = NO;
				GCC_NO_COMMON_BLOCKS = YES;
				GCC_OPTIMIZATION_LEVEL = 0;
				GCC_PREPROCESSOR_DEFINITIONS = (
					"DEBUG=1",
					"$(inherited)",
				);
				GCC_WARN_64_TO_32_BIT_CONVERSION = YES;
				GCC_WARN_ABOUT_RETURN_TYPE = YES_ERROR;
				GCC_WARN_UNDECLARED_SELECTOR = YES;
				GCC_WARN_UNINITIALIZED_AUTOS = YES_AGGRESSIVE;
				GCC_WARN_UNUSED_FUNCTION = YES;
				GCC_WARN_UNUSED_VARIABLE = YES;
				IPHONEOS_DEPLOYMENT_TARGET = 16.4;
				MTL_ENABLE_DEBUG_INFO = INCLUDE_SOURCE;
				MTL_FAST_MATH = YES;
				ONLY_ACTIVE_ARCH = YES;
				SDKROOT = iphoneos;
				SWIFT_ACTIVE_COMPILATION_CONDITIONS = DEBUG;
				SWIFT_OPTIMIZATION_LEVEL = "-Onone";
			};
			name = Debug;
		};
		4216863D29ED1B47002996A1 /* Release */ = {
			isa = XCBuildConfiguration;
			buildSettings = {
				ALWAYS_SEARCH_USER_PATHS = NO;
				CLANG_ANALYZER_NONNULL = YES;
				CLANG_ANALYZER_NUMBER_OBJECT_CONVERSION = YES_AGGRESSIVE;
				CLANG_CXX_LANGUAGE_STANDARD = "gnu++20";
				CLANG_ENABLE_MODULES = YES;
				CLANG_ENABLE_OBJC_ARC = YES;
				CLANG_ENABLE_OBJC_WEAK = YES;
				CLANG_WARN_BLOCK_CAPTURE_AUTORELEASING = YES;
				CLANG_WARN_BOOL_CONVERSION = YES;
				CLANG_WARN_COMMA = YES;
				CLANG_WARN_CONSTANT_CONVERSION = YES;
				CLANG_WARN_DEPRECATED_OBJC_IMPLEMENTATIONS = YES;
				CLANG_WARN_DIRECT_OBJC_ISA_USAGE = YES_ERROR;
				CLANG_WARN_DOCUMENTATION_COMMENTS = YES;
				CLANG_WARN_EMPTY_BODY = YES;
				CLANG_WARN_ENUM_CONVERSION = YES;
				CLANG_WARN_INFINITE_RECURSION = YES;
				CLANG_WARN_INT_CONVERSION = YES;
				CLANG_WARN_NON_LITERAL_NULL_CONVERSION = YES;
				CLANG_WARN_OBJC_IMPLICIT_RETAIN_SELF = YES;
				CLANG_WARN_OBJC_LITERAL_CONVERSION = YES;
				CLANG_WARN_OBJC_ROOT_CLASS = YES_ERROR;
				CLANG_WARN_QUOTED_INCLUDE_IN_FRAMEWORK_HEADER = YES;
				CLANG_WARN_RANGE_LOOP_ANALYSIS = YES;
				CLANG_WARN_STRICT_PROTOTYPES = YES;
				CLANG_WARN_SUSPICIOUS_MOVE = YES;
				CLANG_WARN_UNGUARDED_AVAILABILITY = YES_AGGRESSIVE;
				CLANG_WARN_UNREACHABLE_CODE = YES;
				CLANG_WARN__DUPLICATE_METHOD_MATCH = YES;
				COPY_PHASE_STRIP = NO;
				DEBUG_INFORMATION_FORMAT = "dwarf-with-dsym";
				ENABLE_NS_ASSERTIONS = NO;
				ENABLE_STRICT_OBJC_MSGSEND = YES;
				ENABLE_USER_SCRIPT_SANDBOXING = YES;
				GCC_C_LANGUAGE_STANDARD = gnu11;
				GCC_NO_COMMON_BLOCKS = YES;
				GCC_WARN_64_TO_32_BIT_CONVERSION = YES;
				GCC_WARN_ABOUT_RETURN_TYPE = YES_ERROR;
				GCC_WARN_UNDECLARED_SELECTOR = YES;
				GCC_WARN_UNINITIALIZED_AUTOS = YES_AGGRESSIVE;
				GCC_WARN_UNUSED_FUNCTION = YES;
				GCC_WARN_UNUSED_VARIABLE = YES;
				IPHONEOS_DEPLOYMENT_TARGET = 16.4;
				MTL_ENABLE_DEBUG_INFO = NO;
				MTL_FAST_MATH = YES;
				SDKROOT = iphoneos;
				SWIFT_COMPILATION_MODE = wholemodule;
				SWIFT_OPTIMIZATION_LEVEL = "-O";
				VALIDATE_PRODUCT = YES;
			};
			name = Release;
		};
		4216863F29ED1B47002996A1 /* Debug */ = {
			isa = XCBuildConfiguration;
			buildSettings = {
				ASSETCATALOG_COMPILER_APPICON_NAME = AppIcon;
				ASSETCATALOG_COMPILER_GLOBAL_ACCENT_COLOR_NAME = AccentColor;
				CODE_SIGN_STYLE = Automatic;
				CURRENT_PROJECT_VERSION = 1;
				GENERATE_INFOPLIST_FILE = YES;
				INFOPLIST_FILE = klaudinq/Info.plist;
				INFOPLIST_KEY_UIApplicationSupportsIndirectInputEvents = YES;
				INFOPLIST_KEY_UILaunchStoryboardName = LaunchScreen;
				INFOPLIST_KEY_UISupportedInterfaceOrientations_iPad = "UIInterfaceOrientationPortrait UIInterfaceOrientationPortraitUpsideDown UIInterfaceOrientationLandscapeLeft UIInterfaceOrientationLandscapeRight";
				INFOPLIST_KEY_UISupportedInterfaceOrientations_iPhone = "UIInterfaceOrientationPortrait UIInterfaceOrientationLandscapeLeft UIInterfaceOrientationLandscapeRight";
				LD_RUNPATH_SEARCH_PATHS = (
					"$(inherited)",
					"@executable_path/Frameworks",
				);
				MARKETING_VERSION = 1.0;
				PRODUCT_BUNDLE_IDENTIFIER = mehdi.klaudinq;
				PRODUCT_NAME = "$(TARGET_NAME)";
				SWIFT_EMIT_LOC_STRINGS = YES;
				SWIFT_VERSION = 5.0;
				TARGETED_DEVICE_FAMILY = "1,2";
			};
			name = Debug;
		};
		4216864029ED1B47002996A1 /* Release */ = {
			isa = XCBuildConfiguration;
			buildSettings = {
				ASSETCATALOG_COMPILER_APPICON_NAME = AppIcon;
				ASSETCATALOG_COMPILER_GLOBAL_ACCENT_COLOR_NAME = AccentColor;
				CODE_SIGN_STYLE = Automatic;
				CURRENT_PROJECT_VERSION = 1;
				GENERATE_INFOPLIST_FILE = YES;
				INFOPLIST_FILE = klaudinq/Info.plist;
				INFOPLIST_KEY_UIApplicationSupportsIndirectInputEvents = YES;
				INFOPLIST_KEY_UILaunchStoryboardName = LaunchScreen;
				INFOPLIST_KEY_UISupportedInterfaceOrientations_iPad = "UIInterfaceOrientationPortrait UIInterfaceOrientationPortraitUpsideDown UIInterfaceOrientationLandscapeLeft UIInterfaceOrientationLandscapeRight";
				INFOPLIST_KEY_UISupportedInterfaceOrientations_iPhone = "UIInterfaceOrientationPortrait UIInterfaceOrientationLandscapeLeft UIInterfaceOrientationLandscapeRight";
				LD_RUNPATH_SEARCH_PATHS = (
					"$(inherited)",
					"@executable_path/Frameworks",
				);
				MARKETING_VERSION = 1.0;
				PRODUCT_BUNDLE_IDENTIFIER = mehdi.klaudinq;
				PRODUCT_NAME = "$(TARGET_NAME)";
				SWIFT_EMIT_LOC_STRINGS = YES;
				SWIFT_VERSION = 5.0;
				TARGETED_DEVICE_FAMILY = "1,2";
			};
			name = Release;
		};
/* End XCBuildConfiguration section */

/* Begin XCConfigurationList section */
		4216862529ED1B46002996A1 /* Build configuration list for PBXProject "klaudinq" */ = {
			isa = XCConfigurationList;
			buildConfigurations = (
				4216863C29ED1B47002996A1 /* Debug */,
				4216863D29ED1B47002996A1 /* Release */,
			);
			defaultConfigurationIsVisible = 0;
			defaultConfigurationName = Release;
		};
		4216863E29ED1B47002996A1 /* Build configuration list for PBXNativeTarget "klaudinq" */ = {
			isa = XCConfigurationList;
			buildConfigurations = (
				4216863F29ED1B47002996A1 /* Debug */,
				4216864029ED1B47002996A1 /* Release */,
			);
			defaultConfigurationIsVisible = 0;
			defaultConfigurationName = Release;
		};
/* End XCConfigurationList section */
	};
	rootObject = 4216862229ED1B46002996A1 /* Project object */;
}
